
Microsoft Visual Studio Solution File, Format Version 12.00
# Visual Studio Version 17
VisualStudioVersion = 17.3.32901.215
MinimumVisualStudioVersion = 10.0.40219.1
Project("{FAE04EC0-301F-11D3-BF4B-00C04F79EFBC}") = "Ch06Ex02", "Ch06Ex02.csproj", "{145F1C19-854C-42FD-B038-D1814A1D4841}"
EndProject
Global
	GlobalSection(SolutionConfigurationPlatforms) = preSolution
		Debug|Any CPU = Debug|Any CPU
		Release|Any CPU = Release|Any CPU
	EndGlobalSection
	GlobalSection(ProjectConfigurationPlatforms) = postSolution
		{145F1C19-854C-42FD-B038-D1814A1D4841}.Debug|Any CPU.ActiveCfg = Debug|Any CPU
		{145F1C19-854C-42FD-B038-D1814A1D4841}.Debug|Any CPU.Build.0 = Debug|Any CPU
		{145F1C19-854C-42FD-B038-D1814A1D4841}.Release|Any CPU.ActiveCfg = Release|Any CPU
		{145F1C19-854C-42FD-B038-D1814A1D4841}.Release|Any CPU.Build.0 = Release|Any CPU
	EndGlobalSection
	GlobalSection(SolutionProperties) = preSolution
		HideSolutionNode = FALSE
	EndGlobalSection
	GlobalSection(ExtensibilityGlobals) = postSolution
		SolutionGuid = {78C19CA2-A607-401C-B3C3-2805F0BEC145}
	EndGlobalSection
EndGlobal
