
Microsoft Visual Studio Solution File, Format Version 12.00
# Visual Studio Version 17
VisualStudioVersion = 17.3.32901.215
MinimumVisualStudioVersion = 10.0.40219.1
Project("{FAE04EC0-301F-11D3-BF4B-00C04F79EFBC}") = "Ch04Ex03", "Ch04Ex03\Ch04Ex03.csproj", "{73B37661-5A50-423F-B1E5-A5DEF5AD5198}"
EndProject
Global
	GlobalSection(SolutionConfigurationPlatforms) = preSolution
		Debug|Any CPU = Debug|Any CPU
		Release|Any CPU = Release|Any CPU
	EndGlobalSection
	GlobalSection(ProjectConfigurationPlatforms) = postSolution
		{73B37661-5A50-423F-B1E5-A5DEF5AD5198}.Debug|Any CPU.ActiveCfg = Debug|Any CPU
		{73B37661-5A50-423F-B1E5-A5DEF5AD5198}.Debug|Any CPU.Build.0 = Debug|Any CPU
		{73B37661-5A50-423F-B1E5-A5DEF5AD5198}.Release|Any CPU.ActiveCfg = Release|Any CPU
		{73B37661-5A50-423F-B1E5-A5DEF5AD5198}.Release|Any CPU.Build.0 = Release|Any CPU
	EndGlobalSection
	GlobalSection(SolutionProperties) = preSolution
		HideSolutionNode = FALSE
	EndGlobalSection
	GlobalSection(ExtensibilityGlobals) = postSolution
		SolutionGuid = {841263B5-AA5F-4D10-97FA-F1C21DC05E81}
	EndGlobalSection
EndGlobal
