
Microsoft Visual Studio Solution File, Format Version 12.00
# Visual Studio Version 17
VisualStudioVersion = 17.3.32901.215
MinimumVisualStudioVersion = 10.0.40219.1
Project("{FAE04EC0-301F-11D3-BF4B-00C04F79EFBC}") = "fabolous", "fabolous\fabolous.csproj", "{2D3E8B48-A2AF-40E8-B1A1-EED94EDBAEA5}"
EndProject
Project("{FAE04EC0-301F-11D3-BF4B-00C04F79EFBC}") = "super", "super\super.csproj", "{A1B47B20-1183-4952-8263-F6C9627AC251}"
EndProject
Global
	GlobalSection(SolutionConfigurationPlatforms) = preSolution
		Debug|Any CPU = Debug|Any CPU
		Release|Any CPU = Release|Any CPU
	EndGlobalSection
	GlobalSection(ProjectConfigurationPlatforms) = postSolution
		{2D3E8B48-A2AF-40E8-B1A1-EED94EDBAEA5}.Debug|Any CPU.ActiveCfg = Debug|Any CPU
		{2D3E8B48-A2AF-40E8-B1A1-EED94EDBAEA5}.Debug|Any CPU.Build.0 = Debug|Any CPU
		{2D3E8B48-A2AF-40E8-B1A1-EED94EDBAEA5}.Release|Any CPU.ActiveCfg = Release|Any CPU
		{2D3E8B48-A2AF-40E8-B1A1-EED94EDBAEA5}.Release|Any CPU.Build.0 = Release|Any CPU
		{A1B47B20-1183-4952-8263-F6C9627AC251}.Debug|Any CPU.ActiveCfg = Debug|Any CPU
		{A1B47B20-1183-4952-8263-F6C9627AC251}.Debug|Any CPU.Build.0 = Debug|Any CPU
		{A1B47B20-1183-4952-8263-F6C9627AC251}.Release|Any CPU.ActiveCfg = Release|Any CPU
		{A1B47B20-1183-4952-8263-F6C9627AC251}.Release|Any CPU.Build.0 = Release|Any CPU
	EndGlobalSection
	GlobalSection(SolutionProperties) = preSolution
		HideSolutionNode = FALSE
	EndGlobalSection
	GlobalSection(ExtensibilityGlobals) = postSolution
		SolutionGuid = {F934F8D8-1E1C-4C85-B972-6D27B9457E72}
	EndGlobalSection
EndGlobal
