
Microsoft Visual Studio Solution File, Format Version 12.00
# Visual Studio Version 17
VisualStudioVersion = 17.3.32901.215
MinimumVisualStudioVersion = 10.0.40219.1
Project("{FAE04EC0-301F-11D3-BF4B-00C04F79EFBC}") = "WpfApp1", "WpfApp1.csproj", "{3EB88FB4-BE87-4FAE-A209-77B77C9C7E6A}"
EndProject
Global
	GlobalSection(SolutionConfigurationPlatforms) = preSolution
		Debug|Any CPU = Debug|Any CPU
		Release|Any CPU = Release|Any CPU
	EndGlobalSection
	GlobalSection(ProjectConfigurationPlatforms) = postSolution
		{3EB88FB4-BE87-4FAE-A209-77B77C9C7E6A}.Debug|Any CPU.ActiveCfg = Debug|Any CPU
		{3EB88FB4-BE87-4FAE-A209-77B77C9C7E6A}.Debug|Any CPU.Build.0 = Debug|Any CPU
		{3EB88FB4-BE87-4FAE-A209-77B77C9C7E6A}.Release|Any CPU.ActiveCfg = Release|Any CPU
		{3EB88FB4-BE87-4FAE-A209-77B77C9C7E6A}.Release|Any CPU.Build.0 = Release|Any CPU
	EndGlobalSection
	GlobalSection(SolutionProperties) = preSolution
		HideSolutionNode = FALSE
	EndGlobalSection
	GlobalSection(ExtensibilityGlobals) = postSolution
		SolutionGuid = {A656D903-8EA8-4A76-9E54-0D6C9426C628}
	EndGlobalSection
EndGlobal
