
Microsoft Visual Studio Solution File, Format Version 12.00
# Visual Studio Version 17
VisualStudioVersion = 17.3.32901.215
MinimumVisualStudioVersion = 10.0.40219.1
Project("{FAE04EC0-301F-11D3-BF4B-00C04F79EFBC}") = "ConsoleApp1", "ConsoleApp1\ConsoleApp1.csproj", "{39F82E5F-2898-42D3-85E6-CBD11BCB214B}"
EndProject
Project("{FAE04EC0-301F-11D3-BF4B-00C04F79EFBC}") = "Ch04Ex02", "..\Ch04Ex02\Ch04Ex02.csproj", "{9940B151-8415-446A-8FD0-A4B51FF8911F}"
EndProject
Global
	GlobalSection(SolutionConfigurationPlatforms) = preSolution
		Debug|Any CPU = Debug|Any CPU
		Release|Any CPU = Release|Any CPU
	EndGlobalSection
	GlobalSection(ProjectConfigurationPlatforms) = postSolution
		{39F82E5F-2898-42D3-85E6-CBD11BCB214B}.Debug|Any CPU.ActiveCfg = Debug|Any CPU
		{39F82E5F-2898-42D3-85E6-CBD11BCB214B}.Debug|Any CPU.Build.0 = Debug|Any CPU
		{39F82E5F-2898-42D3-85E6-CBD11BCB214B}.Release|Any CPU.ActiveCfg = Release|Any CPU
		{39F82E5F-2898-42D3-85E6-CBD11BCB214B}.Release|Any CPU.Build.0 = Release|Any CPU
		{9940B151-8415-446A-8FD0-A4B51FF8911F}.Debug|Any CPU.ActiveCfg = Debug|Any CPU
		{9940B151-8415-446A-8FD0-A4B51FF8911F}.Debug|Any CPU.Build.0 = Debug|Any CPU
		{9940B151-8415-446A-8FD0-A4B51FF8911F}.Release|Any CPU.ActiveCfg = Release|Any CPU
		{9940B151-8415-446A-8FD0-A4B51FF8911F}.Release|Any CPU.Build.0 = Release|Any CPU
	EndGlobalSection
	GlobalSection(SolutionProperties) = preSolution
		HideSolutionNode = FALSE
	EndGlobalSection
	GlobalSection(ExtensibilityGlobals) = postSolution
		SolutionGuid = {1B5BE18B-6C22-4EB3-9261-19158F6F0D58}
	EndGlobalSection
EndGlobal
