
Microsoft Visual Studio Solution File, Format Version 12.00
# Visual Studio Version 17
VisualStudioVersion = 17.3.32901.215
MinimumVisualStudioVersion = 10.0.40219.1
Project("{FAE04EC0-301F-11D3-BF4B-00C04F79EFBC}") = "Formating", "Formating.csproj", "{7A0439A3-0A2D-4007-ABDF-34AB3BAB7AB4}"
EndProject
Global
	GlobalSection(SolutionConfigurationPlatforms) = preSolution
		Debug|Any CPU = Debug|Any CPU
		Release|Any CPU = Release|Any CPU
	EndGlobalSection
	GlobalSection(ProjectConfigurationPlatforms) = postSolution
		{7A0439A3-0A2D-4007-ABDF-34AB3BAB7AB4}.Debug|Any CPU.ActiveCfg = Debug|Any CPU
		{7A0439A3-0A2D-4007-ABDF-34AB3BAB7AB4}.Debug|Any CPU.Build.0 = Debug|Any CPU
		{7A0439A3-0A2D-4007-ABDF-34AB3BAB7AB4}.Release|Any CPU.ActiveCfg = Release|Any CPU
		{7A0439A3-0A2D-4007-ABDF-34AB3BAB7AB4}.Release|Any CPU.Build.0 = Release|Any CPU
	EndGlobalSection
	GlobalSection(SolutionProperties) = preSolution
		HideSolutionNode = FALSE
	EndGlobalSection
	GlobalSection(ExtensibilityGlobals) = postSolution
		SolutionGuid = {BBB1108D-3EF6-45AC-A3D4-335C3EBD940F}
	EndGlobalSection
EndGlobal
