
Microsoft Visual Studio Solution File, Format Version 12.00
# Visual Studio Version 17
VisualStudioVersion = 17.3.32901.215
MinimumVisualStudioVersion = 10.0.40219.1
Project("{FAE04EC0-301F-11D3-BF4B-00C04F79EFBC}") = "Ch06Ex05", "Ch06Ex05.csproj", "{B3971A45-610F-4AA1-A93B-AFFF0A669F19}"
EndProject
Global
	GlobalSection(SolutionConfigurationPlatforms) = preSolution
		Debug|Any CPU = Debug|Any CPU
		Release|Any CPU = Release|Any CPU
	EndGlobalSection
	GlobalSection(ProjectConfigurationPlatforms) = postSolution
		{B3971A45-610F-4AA1-A93B-AFFF0A669F19}.Debug|Any CPU.ActiveCfg = Debug|Any CPU
		{B3971A45-610F-4AA1-A93B-AFFF0A669F19}.Debug|Any CPU.Build.0 = Debug|Any CPU
		{B3971A45-610F-4AA1-A93B-AFFF0A669F19}.Release|Any CPU.ActiveCfg = Release|Any CPU
		{B3971A45-610F-4AA1-A93B-AFFF0A669F19}.Release|Any CPU.Build.0 = Release|Any CPU
	EndGlobalSection
	GlobalSection(SolutionProperties) = preSolution
		HideSolutionNode = FALSE
	EndGlobalSection
	GlobalSection(ExtensibilityGlobals) = postSolution
		SolutionGuid = {065F44FE-195C-4C49-9122-4060CA8CA757}
	EndGlobalSection
EndGlobal
