
Microsoft Visual Studio Solution File, Format Version 12.00
# Visual Studio Version 17
VisualStudioVersion = 17.3.32901.215
MinimumVisualStudioVersion = 10.0.40219.1
Project("{FAE04EC0-301F-11D3-BF4B-00C04F79EFBC}") = "Ch03Ex01", "Ch03Ex01.csproj", "{3B9395C1-4D60-4C1F-ABE5-80FD12527410}"
EndProject
Project("{FAE04EC0-301F-11D3-BF4B-00C04F79EFBC}") = "Ch03Ex02", "..\Ch03Ex02\Ch03Ex02.csproj", "{163B7951-A62A-41A4-892B-A192A4E3C16F}"
EndProject
Global
	GlobalSection(SolutionConfigurationPlatforms) = preSolution
		Debug|Any CPU = Debug|Any CPU
		Release|Any CPU = Release|Any CPU
	EndGlobalSection
	GlobalSection(ProjectConfigurationPlatforms) = postSolution
		{3B9395C1-4D60-4C1F-ABE5-80FD12527410}.Debug|Any CPU.ActiveCfg = Debug|Any CPU
		{3B9395C1-4D60-4C1F-ABE5-80FD12527410}.Debug|Any CPU.Build.0 = Debug|Any CPU
		{3B9395C1-4D60-4C1F-ABE5-80FD12527410}.Release|Any CPU.ActiveCfg = Release|Any CPU
		{3B9395C1-4D60-4C1F-ABE5-80FD12527410}.Release|Any CPU.Build.0 = Release|Any CPU
		{163B7951-A62A-41A4-892B-A192A4E3C16F}.Debug|Any CPU.ActiveCfg = Debug|Any CPU
		{163B7951-A62A-41A4-892B-A192A4E3C16F}.Debug|Any CPU.Build.0 = Debug|Any CPU
		{163B7951-A62A-41A4-892B-A192A4E3C16F}.Release|Any CPU.ActiveCfg = Release|Any CPU
		{163B7951-A62A-41A4-892B-A192A4E3C16F}.Release|Any CPU.Build.0 = Release|Any CPU
	EndGlobalSection
	GlobalSection(SolutionProperties) = preSolution
		HideSolutionNode = FALSE
	EndGlobalSection
	GlobalSection(ExtensibilityGlobals) = postSolution
		SolutionGuid = {DE19FC37-F1CC-4B25-B8D4-AE830347B76B}
	EndGlobalSection
EndGlobal
