
Microsoft Visual Studio Solution File, Format Version 12.00
# Visual Studio Version 17
VisualStudioVersion = 17.3.32901.215
MinimumVisualStudioVersion = 10.0.40219.1
Project("{9A19103F-16F7-4668-BE54-9A1E7A4F7556}") = "Vocabulary", "Vocabulary\Vocabulary.csproj", "{267ECD70-042A-411C-926B-08B9212B000F}"
EndProject
Project("{FAE04EC0-301F-11D3-BF4B-00C04F79EFBC}") = "Numbers", "Numbers\Numbers.csproj", "{9EE988AE-EA82-4F52-948B-7A938779C5EB}"
EndProject
Project("{FAE04EC0-301F-11D3-BF4B-00C04F79EFBC}") = "Variables", "Variables\Variables.csproj", "{B12B3EFB-FDB8-404F-862C-0652B246BDD4}"
EndProject
Global
	GlobalSection(SolutionConfigurationPlatforms) = preSolution
		Debug|Any CPU = Debug|Any CPU
		Release|Any CPU = Release|Any CPU
	EndGlobalSection
	GlobalSection(ProjectConfigurationPlatforms) = postSolution
		{267ECD70-042A-411C-926B-08B9212B000F}.Debug|Any CPU.ActiveCfg = Debug|Any CPU
		{267ECD70-042A-411C-926B-08B9212B000F}.Debug|Any CPU.Build.0 = Debug|Any CPU
		{267ECD70-042A-411C-926B-08B9212B000F}.Release|Any CPU.ActiveCfg = Release|Any CPU
		{267ECD70-042A-411C-926B-08B9212B000F}.Release|Any CPU.Build.0 = Release|Any CPU
		{9EE988AE-EA82-4F52-948B-7A938779C5EB}.Debug|Any CPU.ActiveCfg = Debug|Any CPU
		{9EE988AE-EA82-4F52-948B-7A938779C5EB}.Debug|Any CPU.Build.0 = Debug|Any CPU
		{9EE988AE-EA82-4F52-948B-7A938779C5EB}.Release|Any CPU.ActiveCfg = Release|Any CPU
		{9EE988AE-EA82-4F52-948B-7A938779C5EB}.Release|Any CPU.Build.0 = Release|Any CPU
		{B12B3EFB-FDB8-404F-862C-0652B246BDD4}.Debug|Any CPU.ActiveCfg = Debug|Any CPU
		{B12B3EFB-FDB8-404F-862C-0652B246BDD4}.Debug|Any CPU.Build.0 = Debug|Any CPU
		{B12B3EFB-FDB8-404F-862C-0652B246BDD4}.Release|Any CPU.ActiveCfg = Release|Any CPU
		{B12B3EFB-FDB8-404F-862C-0652B246BDD4}.Release|Any CPU.Build.0 = Release|Any CPU
	EndGlobalSection
	GlobalSection(SolutionProperties) = preSolution
		HideSolutionNode = FALSE
	EndGlobalSection
	GlobalSection(ExtensibilityGlobals) = postSolution
		SolutionGuid = {9C358817-5B2F-468C-A5D5-39EC319D8470}
	EndGlobalSection
EndGlobal
